// !$*UTF8*$!
{
	archiveVersion = 1;
	classes = {
	};
	objectVersion = 56;
	objects = {

/* Begin PBXBuildFile section */
		D792BFB72B88D7D1005EB414 /* Day2App.swift in Sources */ = {isa = PBXBuildFile; fileRef = D792BFB62B88D7D1005EB414 /* Day2App.swift */; };
		D792BFB92B88D7D1005EB414 /* ContentView.swift in Sources */ = {isa = PBXBuildFile; fileRef = D792BFB82B88D7D1005EB414 /* ContentView.swift */; };
		D792BFBB2B88D7D2005EB414 /* Assets.xcassets in Resources */ = {isa = PBXBuildFile; fileRef = D792BFBA2B88D7D2005EB414 /* Assets.xcassets */; };
		D792BFBF2B88D7D2005EB414 /* Preview Assets.xcassets in Resources */ = {isa = PBXBuildFile; fileRef = D792BFBE2B88D7D2005EB414 /* Preview Assets.xcassets */; };
		D792BFC92B88D7D3005EB414 /* Day2Tests.swift in Sources */ = {isa = PBXBuildFile; fileRef = D792BFC82B88D7D3005EB414 /* Day2Tests.swift */; };
		D792BFD32B88D7D3005EB414 /* Day2UITests.swift in Sources */ = {isa = PBXBuildFile; fileRef = D792BFD22B88D7D3005EB414 /* Day2UITests.swift */; };
		D792BFD52B88D7D3005EB414 /* Day2UITestsLaunchTests.swift in Sources */ = {isa = PBXBuildFile; fileRef = D792BFD42B88D7D3005EB414 /* Day2UITestsLaunchTests.swift */; };
/* End PBXBuildFile section */

/* Begin PBXContainerItemProxy section */
		D792BFC52B88D7D3005EB414 /* PBXContainerItemProxy */ = {
			isa = PBXContainerItemProxy;
			containerPortal = D792BFAB2B88D7D1005EB414 /* Project object */;
			proxyType = 1;
			remoteGlobalIDString = D792BFB22B88D7D1005EB414;
			remoteInfo = Day2;
		};
		D792BFCF2B88D7D3005EB414 /* PBXContainerItemProxy */ = {
			isa = PBXContainerItemProxy;
			containerPortal = D792BFAB2B88D7D1005EB414 /* Project object */;
			proxyType = 1;
			remoteGlobalIDString = D792BFB22B88D7D1005EB414;
			remoteInfo = Day2;
		};
/* End PBXContainerItemProxy section */

/* Begin PBXFileReference section */
		D792BFB32B88D7D1005EB414 /* Day2.app */ = {isa = PBXFileReference; explicitFileType = wrapper.application; includeInIndex = 0; path = Day2.app; sourceTree = BUILT_PRODUCTS_DIR; };
		D792BFB62B88D7D1005EB414 /* Day2App.swift */ = {isa = PBXFileReference; lastKnownFileType = sourcecode.swift; path = Day2App.swift; sourceTree = "<group>"; };
		D792BFB82B88D7D1005EB414 /* ContentView.swift */ = {isa = PBXFileReference; lastKnownFileType = sourcecode.swift; path = ContentView.swift; sourceTree = "<group>"; };
		D792BFBA2B88D7D2005EB414 /* Assets.xcassets */ = {isa = PBXFileReference; lastKnownFileType = folder.assetcatalog; path = Assets.xcassets; sourceTree = "<group>"; };
		D792BFBC2B88D7D2005EB414 /* Day2.entitlements */ = {isa = PBXFileReference; lastKnownFileType = text.plist.entitlements; path = Day2.entitlements; sourceTree = "<group>"; };
		D792BFBE2B88D7D2005EB414 /* Preview Assets.xcassets */ = {isa = PBXFileReference; lastKnownFileType = folder.assetcatalog; path = "Preview Assets.xcassets"; sourceTree = "<group>"; };
		D792BFC42B88D7D3005EB414 /* Day2Tests.xctest */ = {isa = PBXFileReference; explicitFileType = wrapper.cfbundle; includeInIndex = 0; path = Day2Tests.xctest; sourceTree = BUILT_PRODUCTS_DIR; };
		D792BFC82B88D7D3005EB414 /* Day2Tests.swift */ = {isa = PBXFileReference; lastKnownFileType = sourcecode.swift; path = Day2Tests.swift; sourceTree = "<group>"; };
		D792BFCE2B88D7D3005EB414 /* Day2UITests.xctest */ = {isa = PBXFileReference; explicitFileType = wrapper.cfbundle; includeInIndex = 0; path = Day2UITests.xctest; sourceTree = BUILT_PRODUCTS_DIR; };
		D792BFD22B88D7D3005EB414 /* Day2UITests.swift */ = {isa = PBXFileReference; lastKnownFileType = sourcecode.swift; path = Day2UITests.swift; sourceTree = "<group>"; };
		D792BFD42B88D7D3005EB414 /* Day2UITestsLaunchTests.swift */ = {isa = PBXFileReference; lastKnownFileType = sourcecode.swift; path = Day2UITestsLaunchTests.swift; sourceTree = "<group>"; };
/* End PBXFileReference section */

/* Begin PBXFrameworksBuildPhase section */
		D792BFB02B88D7D1005EB414 /* Frameworks */ = {
			isa = PBXFrameworksBuildPhase;
			buildActionMask = 2147483647;
			files = (
			);
			runOnlyForDeploymentPostprocessing = 0;
		};
		D792BFC12B88D7D3005EB414 /* Frameworks */ = {
			isa = PBXFrameworksBuildPhase;
			buildActionMask = 2147483647;
			files = (
			);
			runOnlyForDeploymentPostprocessing = 0;
		};
		D792BFCB2B88D7D3005EB414 /* Frameworks */ = {
			isa = PBXFrameworksBuildPhase;
			buildActionMask = 2147483647;
			files = (
			);
			runOnlyForDeploymentPostprocessing = 0;
		};
/* End PBXFrameworksBuildPhase section */

/* Begin PBXGroup section */
		D792BFAA2B88D7D1005EB414 = {
			isa = PBXGroup;
			children = (
				D792BFB52B88D7D1005EB414 /* Day2 */,
				D792BFC72B88D7D3005EB414 /* Day2Tests */,
				D792BFD12B88D7D3005EB414 /* Day2UITests */,
				D792BFB42B88D7D1005EB414 /* Products */,
			);
			sourceTree = "<group>";
		};
		D792BFB42B88D7D1005EB414 /* Products */ = {
			isa = PBXGroup;
			children = (
				D792BFB32B88D7D1005EB414 /* Day2.app */,
				D792BFC42B88D7D3005EB414 /* Day2Tests.xctest */,
				D792BFCE2B88D7D3005EB414 /* Day2UITests.xctest */,
			);
			name = Products;
			sourceTree = "<group>";
		};
		D792BFB52B88D7D1005EB414 /* Day2 */ = {
			isa = PBXGroup;
			children = (
				D792BFB62B88D7D1005EB414 /* Day2App.swift */,
				D792BFB82B88D7D1005EB414 /* ContentView.swift */,
				D792BFBA2B88D7D2005EB414 /* Assets.xcassets */,
				D792BFBC2B88D7D2005EB414 /* Day2.entitlements */,
				D792BFBD2B88D7D2005EB414 /* Preview Content */,
			);
			path = Day2;
			sourceTree = "<group>";
		};
		D792BFBD2B88D7D2005EB414 /* Preview Content */ = {
			isa = PBXGroup;
			children = (
				D792BFBE2B88D7D2005EB414 /* Preview Assets.xcassets */,
			);
			path = "Preview Content";
			sourceTree = "<group>";
		};
		D792BFC72B88D7D3005EB414 /* Day2Tests */ = {
			isa = PBXGroup;
			children = (
				D792BFC82B88D7D3005EB414 /* Day2Tests.swift */,
			);
			path = Day2Tests;
			sourceTree = "<group>";
		};
		D792BFD12B88D7D3005EB414 /* Day2UITests */ = {
			isa = PBXGroup;
			children = (
				D792BFD22B88D7D3005EB414 /* Day2UITests.swift */,
				D792BFD42B88D7D3005EB414 /* Day2UITestsLaunchTests.swift */,
			);
			path = Day2UITests;
			sourceTree = "<group>";
		};
/* End PBXGroup section */

/* Begin PBXNativeTarget section */
		D792BFB22B88D7D1005EB414 /* Day2 */ = {
			isa = PBXNativeTarget;
			buildConfigurationList = D792BFD82B88D7D3005EB414 /* Build configuration list for PBXNativeTarget "Day2" */;
			buildPhases = (
				D792BFAF2B88D7D1005EB414 /* Sources */,
				D792BFB02B88D7D1005EB414 /* Frameworks */,
				D792BFB12B88D7D1005EB414 /* Resources */,
			);
			buildRules = (
			);
			dependencies = (
			);
			name = Day2;
			productName = Day2;
			productReference = D792BFB32B88D7D1005EB414 /* Day2.app */;
			productType = "com.apple.product-type.application";
		};
		D792BFC32B88D7D3005EB414 /* Day2Tests */ = {
			isa = PBXNativeTarget;
			buildConfigurationList = D792BFDB2B88D7D3005EB414 /* Build configuration list for PBXNativeTarget "Day2Tests" */;
			buildPhases = (
				D792BFC02B88D7D3005EB414 /* Sources */,
				D792BFC12B88D7D3005EB414 /* Frameworks */,
				D792BFC22B88D7D3005EB414 /* Resources */,
			);
			buildRules = (
			);
			dependencies = (
				D792BFC62B88D7D3005EB414 /* PBXTargetDependency */,
			);
			name = Day2Tests;
			productName = Day2Tests;
			productReference = D792BFC42B88D7D3005EB414 /* Day2Tests.xctest */;
			productType = "com.apple.product-type.bundle.unit-test";
		};
		D792BFCD2B88D7D3005EB414 /* Day2UITests */ = {
			isa = PBXNativeTarget;
			buildConfigurationList = D792BFDE2B88D7D3005EB414 /* Build configuration list for PBXNativeTarget "Day2UITests" */;
			buildPhases = (
				D792BFCA2B88D7D3005EB414 /* Sources */,
				D792BFCB2B88D7D3005EB414 /* Frameworks */,
				D792BFCC2B88D7D3005EB414 /* Resources */,
			);
			buildRules = (
			);
			dependencies = (
				D792BFD02B88D7D3005EB414 /* PBXTargetDependency */,
			);
			name = Day2UITests;
			productName = Day2UITests;
			productReference = D792BFCE2B88D7D3005EB414 /* Day2UITests.xctest */;
			productType = "com.apple.product-type.bundle.ui-testing";
		};
/* End PBXNativeTarget section */

/* Begin PBXProject section */
		D792BFAB2B88D7D1005EB414 /* Project object */ = {
			isa = PBXProject;
			attributes = {
				BuildIndependentTargetsInParallel = 1;
				LastSwiftUpdateCheck = 1520;
				LastUpgradeCheck = 1520;
				TargetAttributes = {
					D792BFB22B88D7D1005EB414 = {
						CreatedOnToolsVersion = 15.2;
					};
					D792BFC32B88D7D3005EB414 = {
						CreatedOnToolsVersion = 15.2;
						TestTargetID = D792BFB22B88D7D1005EB414;
					};
					D792BFCD2B88D7D3005EB414 = {
						CreatedOnToolsVersion = 15.2;
						TestTargetID = D792BFB22B88D7D1005EB414;
					};
				};
			};
			buildConfigurationList = D792BFAE2B88D7D1005EB414 /* Build configuration list for PBXProject "Day2" */;
			compatibilityVersion = "Xcode 14.0";
			developmentRegion = en;
			hasScannedForEncodings = 0;
			knownRegions = (
				en,
				Base,
			);
			mainGroup = D792BFAA2B88D7D1005EB414;
			productRefGroup = D792BFB42B88D7D1005EB414 /* Products */;
			projectDirPath = "";
			projectRoot = "";
			targets = (
				D792BFB22B88D7D1005EB414 /* Day2 */,
				D792BFC32B88D7D3005EB414 /* Day2Tests */,
				D792BFCD2B88D7D3005EB414 /* Day2UITests */,
			);
		};
/* End PBXProject section */

/* Begin PBXResourcesBuildPhase section */
		D792BFB12B88D7D1005EB414 /* Resources */ = {
			isa = PBXResourcesBuildPhase;
			buildActionMask = 2147483647;
			files = (
				D792BFBF2B88D7D2005EB414 /* Preview Assets.xcassets in Resources */,
				D792BFBB2B88D7D2005EB414 /* Assets.xcassets in Resources */,
			);
			runOnlyForDeploymentPostprocessing = 0;
		};
		D792BFC22B88D7D3005EB414 /* Resources */ = {
			isa = PBXResourcesBuildPhase;
			buildActionMask = 2147483647;
			files = (
			);
			runOnlyForDeploymentPostprocessing = 0;
		};
		D792BFCC2B88D7D3005EB414 /* Resources */ = {
			isa = PBXResourcesBuildPhase;
			buildActionMask = 2147483647;
			files = (
			);
			runOnlyForDeploymentPostprocessing = 0;
		};
/* End PBXResourcesBuildPhase section */

/* Begin PBXSourcesBuildPhase section */
		D792BFAF2B88D7D1005EB414 /* Sources */ = {
			isa = PBXSourcesBuildPhase;
			buildActionMask = 2147483647;
			files = (
				D792BFB92B88D7D1005EB414 /* ContentView.swift in Sources */,
				D792BFB72B88D7D1005EB414 /* Day2App.swift in Sources */,
			);
			runOnlyForDeploymentPostprocessing = 0;
		};
		D792BFC02B88D7D3005EB414 /* Sources */ = {
			isa = PBXSourcesBuildPhase;
			buildActionMask = 2147483647;
			files = (
				D792BFC92B88D7D3005EB414 /* Day2Tests.swift in Sources */,
			);
			runOnlyForDeploymentPostprocessing = 0;
		};
		D792BFCA2B88D7D3005EB414 /* Sources */ = {
			isa = PBXSourcesBuildPhase;
			buildActionMask = 2147483647;
			files = (
				D792BFD52B88D7D3005EB414 /* Day2UITestsLaunchTests.swift in Sources */,
				D792BFD32B88D7D3005EB414 /* Day2UITests.swift in Sources */,
			);
			runOnlyForDeploymentPostprocessing = 0;
		};
/* End PBXSourcesBuildPhase section */

/* Begin PBXTargetDependency section */
		D792BFC62B88D7D3005EB414 /* PBXTargetDependency */ = {
			isa = PBXTargetDependency;
			target = D792BFB22B88D7D1005EB414 /* Day2 */;
			targetProxy = D792BFC52B88D7D3005EB414 /* PBXContainerItemProxy */;
		};
		D792BFD02B88D7D3005EB414 /* PBXTargetDependency */ = {
			isa = PBXTargetDependency;
			target = D792BFB22B88D7D1005EB414 /* Day2 */;
			targetProxy = D792BFCF2B88D7D3005EB414 /* PBXContainerItemProxy */;
		};
/* End PBXTargetDependency section */

/* Begin XCBuildConfiguration section */
		D792BFD62B88D7D3005EB414 /* Debug */ = {
			isa = XCBuildConfiguration;
			buildSettings = {
				ALWAYS_SEARCH_USER_PATHS = NO;
				ASSETCATALOG_COMPILER_GENERATE_SWIFT_ASSET_SYMBOL_EXTENSIONS = YES;
				CLANG_ANALYZER_NONNULL = YES;
				CLANG_ANALYZER_NUMBER_OBJECT_CONVERSION = YES_AGGRESSIVE;
				CLANG_CXX_LANGUAGE_STANDARD = "gnu++20";
				CLANG_ENABLE_MODULES = YES;
				CLANG_ENABLE_OBJC_ARC = YES;
				CLANG_ENABLE_OBJC_WEAK = YES;
				CLANG_WARN_BLOCK_CAPTURE_AUTORELEASING = YES;
				CLANG_WARN_BOOL_CONVERSION = YES;
				CLANG_WARN_COMMA = YES;
				CLANG_WARN_CONSTANT_CONVERSION = YES;
				CLANG_WARN_DEPRECATED_OBJC_IMPLEMENTATIONS = YES;
				CLANG_WARN_DIRECT_OBJC_ISA_USAGE = YES_ERROR;
				CLANG_WARN_DOCUMENTATION_COMMENTS = YES;
				CLANG_WARN_EMPTY_BODY = YES;
				CLANG_WARN_ENUM_CONVERSION = YES;
				CLANG_WARN_INFINITE_RECURSION = YES;
				CLANG_WARN_INT_CONVERSION = YES;
				CLANG_WARN_NON_LITERAL_NULL_CONVERSION = YES;
				CLANG_WARN_OBJC_IMPLICIT_RETAIN_SELF = YES;
				CLANG_WARN_OBJC_LITERAL_CONVERSION = YES;
				CLANG_WARN_OBJC_ROOT_CLASS = YES_ERROR;
				CLANG_WARN_QUOTED_INCLUDE_IN_FRAMEWORK_HEADER = YES;
				CLANG_WARN_RANGE_LOOP_ANALYSIS = YES;
				CLANG_WARN_STRICT_PROTOTYPES = YES;
				CLANG_WARN_SUSPICIOUS_MOVE = YES;
				CLANG_WARN_UNGUARDED_AVAILABILITY = YES_AGGRESSIVE;
				CLANG_WARN_UNREACHABLE_CODE = YES;
				CLANG_WARN__DUPLICATE_METHOD_MATCH = YES;
				COPY_PHASE_STRIP = NO;
				DEBUG_INFORMATION_FORMAT = dwarf;
				ENABLE_STRICT_OBJC_MSGSEND = YES;
				ENABLE_TESTABILITY = YES;
				ENABLE_USER_SCRIPT_SANDBOXING = YES;
				GCC_C_LANGUAGE_STANDARD = gnu17;
				GCC_DYNAMIC_NO_PIC = NO;
				GCC_NO_COMMON_BLOCKS = YES;
				GCC_OPTIMIZATION_LEVEL = 0;
				GCC_PREPROCESSOR_DEFINITIONS = (
					"DEBUG=1",
					"$(inherited)",
				);
				GCC_WARN_64_TO_32_BIT_CONVERSION = YES;
				GCC_WARN_ABOUT_RETURN_TYPE = YES_ERROR;
				GCC_WARN_UNDECLARED_SELECTOR = YES;
				GCC_WARN_UNINITIALIZED_AUTOS = YES_AGGRESSIVE;
				GCC_WARN_UNUSED_FUNCTION = YES;
				GCC_WARN_UNUSED_VARIABLE = YES;
				LOCALIZATION_PREFERS_STRING_CATALOGS = YES;
				MTL_ENABLE_DEBUG_INFO = INCLUDE_SOURCE;
				MTL_FAST_MATH = YES;
				ONLY_ACTIVE_ARCH = YES;
				SWIFT_ACTIVE_COMPILATION_CONDITIONS = "DEBUG $(inherited)";
				SWIFT_OPTIMIZATION_LEVEL = "-Onone";
			};
			name = Debug;
		};
		D792BFD72B88D7D3005EB414 /* Release */ = {
			isa = XCBuildConfiguration;
			buildSettings = {
				ALWAYS_SEARCH_USER_PATHS = NO;
				ASSETCATALOG_COMPILER_GENERATE_SWIFT_ASSET_SYMBOL_EXTENSIONS = YES;
				CLANG_ANALYZER_NONNULL = YES;
				CLANG_ANALYZER_NUMBER_OBJECT_CONVERSION = YES_AGGRESSIVE;
				CLANG_CXX_LANGUAGE_STANDARD = "gnu++20";
				CLANG_ENABLE_MODULES = YES;
				CLANG_ENABLE_OBJC_ARC = YES;
				CLANG_ENABLE_OBJC_WEAK = YES;
				CLANG_WARN_BLOCK_CAPTURE_AUTORELEASING = YES;
				CLANG_WARN_BOOL_CONVERSION = YES;
				CLANG_WARN_COMMA = YES;
				CLANG_WARN_CONSTANT_CONVERSION = YES;
				CLANG_WARN_DEPRECATED_OBJC_IMPLEMENTATIONS = YES;
				CLANG_WARN_DIRECT_OBJC_ISA_USAGE = YES_ERROR;
				CLANG_WARN_DOCUMENTATION_COMMENTS = YES;
				CLANG_WARN_EMPTY_BODY = YES;
				CLANG_WARN_ENUM_CONVERSION = YES;
				CLANG_WARN_INFINITE_RECURSION = YES;
				CLANG_WARN_INT_CONVERSION = YES;
				CLANG_WARN_NON_LITERAL_NULL_CONVERSION = YES;
				CLANG_WARN_OBJC_IMPLICIT_RETAIN_SELF = YES;
				CLANG_WARN_OBJC_LITERAL_CONVERSION = YES;
				CLANG_WARN_OBJC_ROOT_CLASS = YES_ERROR;
				CLANG_WARN_QUOTED_INCLUDE_IN_FRAMEWORK_HEADER = YES;
				CLANG_WARN_RANGE_LOOP_ANALYSIS = YES;
				CLANG_WARN_STRICT_PROTOTYPES = YES;
				CLANG_WARN_SUSPICIOUS_MOVE = YES;
				CLANG_WARN_UNGUARDED_AVAILABILITY = YES_AGGRESSIVE;
				CLANG_WARN_UNREACHABLE_CODE = YES;
				CLANG_WARN__DUPLICATE_METHOD_MATCH = YES;
				COPY_PHASE_STRIP = NO;
				DEBUG_INFORMATION_FORMAT = "dwarf-with-dsym";
				ENABLE_NS_ASSERTIONS = NO;
				ENABLE_STRICT_OBJC_MSGSEND = YES;
				ENABLE_USER_SCRIPT_SANDBOXING = YES;
				GCC_C_LANGUAGE_STANDARD = gnu17;
				GCC_NO_COMMON_BLOCKS = YES;
				GCC_WARN_64_TO_32_BIT_CONVERSION = YES;
				GCC_WARN_ABOUT_RETURN_TYPE = YES_ERROR;
				GCC_WARN_UNDECLARED_SELECTOR = YES;
				GCC_WARN_UNINITIALIZED_AUTOS = YES_AGGRESSIVE;
				GCC_WARN_UNUSED_FUNCTION = YES;
				GCC_WARN_UNUSED_VARIABLE = YES;
				LOCALIZATION_PREFERS_STRING_CATALOGS = YES;
				MTL_ENABLE_DEBUG_INFO = NO;
				MTL_FAST_MATH = YES;
				SWIFT_COMPILATION_MODE = wholemodule;
			};
			name = Release;
		};
		D792BFD92B88D7D3005EB414 /* Debug */ = {
			isa = XCBuildConfiguration;
			buildSettings = {
				ASSETCATALOG_COMPILER_APPICON_NAME = AppIcon;
				ASSETCATALOG_COMPILER_GLOBAL_ACCENT_COLOR_NAME = AccentColor;
				CODE_SIGN_ENTITLEMENTS = Day2/Day2.entitlements;
				CODE_SIGN_STYLE = Automatic;
				CURRENT_PROJECT_VERSION = 1;
				DEVELOPMENT_ASSET_PATHS = "\"Day2/Preview Content\"";
				ENABLE_PREVIEWS = YES;
				GENERATE_INFOPLIST_FILE = YES;
				"INFOPLIST_KEY_UIApplicationSceneManifest_Generation[sdk=iphoneos*]" = YES;
				"INFOPLIST_KEY_UIApplicationSceneManifest_Generation[sdk=iphonesimulator*]" = YES;
				"INFOPLIST_KEY_UIApplicationSupportsIndirectInputEvents[sdk=iphoneos*]" = YES;
				"INFOPLIST_KEY_UIApplicationSupportsIndirectInputEvents[sdk=iphonesimulator*]" = YES;
				"INFOPLIST_KEY_UILaunchScreen_Generation[sdk=iphoneos*]" = YES;
				"INFOPLIST_KEY_UILaunchScreen_Generation[sdk=iphonesimulator*]" = YES;
				"INFOPLIST_KEY_UIStatusBarStyle[sdk=iphoneos*]" = UIStatusBarStyleDefault;
				"INFOPLIST_KEY_UIStatusBarStyle[sdk=iphonesimulator*]" = UIStatusBarStyleDefault;
				INFOPLIST_KEY_UISupportedInterfaceOrientations_iPad = "UIInterfaceOrientationPortrait UIInterfaceOrientationPortraitUpsideDown UIInterfaceOrientationLandscapeLeft UIInterfaceOrientationLandscapeRight";
				INFOPLIST_KEY_UISupportedInterfaceOrientations_iPhone = "UIInterfaceOrientationPortrait UIInterfaceOrientationLandscapeLeft UIInterfaceOrientationLandscapeRight";
				IPHONEOS_DEPLOYMENT_TARGET = 17.2;
				LD_RUNPATH_SEARCH_PATHS = "@executable_path/Frameworks";
				"LD_RUNPATH_SEARCH_PATHS[sdk=macosx*]" = "@executable_path/../Frameworks";
				MACOSX_DEPLOYMENT_TARGET = 14.2;
				MARKETING_VERSION = 1.0;
				PRODUCT_BUNDLE_IDENTIFIER = com.app.Day2;
				PRODUCT_NAME = "$(TARGET_NAME)";
				SDKROOT = auto;
				SUPPORTED_PLATFORMS = "iphoneos iphonesimulator macosx";
				SWIFT_EMIT_LOC_STRINGS = YES;
				SWIFT_VERSION = 5.0;
				TARGETED_DEVICE_FAMILY = "1,2";
			};
			name = Debug;
		};
		D792BFDA2B88D7D3005EB414 /* Release */ = {
			isa = XCBuildConfiguration;
			buildSettings = {
				ASSETCATALOG_COMPILER_APPICON_NAME = AppIcon;
				ASSETCATALOG_COMPILER_GLOBAL_ACCENT_COLOR_NAME = AccentColor;
				CODE_SIGN_ENTITLEMENTS = Day2/Day2.entitlements;
				CODE_SIGN_STYLE = Automatic;
				CURRENT_PROJECT_VERSION = 1;
				DEVELOPMENT_ASSET_PATHS = "\"Day2/Preview Content\"";
				ENABLE_PREVIEWS = YES;
				GENERATE_INFOPLIST_FILE = YES;
				"INFOPLIST_KEY_UIApplicationSceneManifest_Generation[sdk=iphoneos*]" = YES;
				"INFOPLIST_KEY_UIApplicationSceneManifest_Generation[sdk=iphonesimulator*]" = YES;
				"INFOPLIST_KEY_UIApplicationSupportsIndirectInputEvents[sdk=iphoneos*]" = YES;
				"INFOPLIST_KEY_UIApplicationSupportsIndirectInputEvents[sdk=iphonesimulator*]" = YES;
				"INFOPLIST_KEY_UILaunchScreen_Generation[sdk=iphoneos*]" = YES;
				"INFOPLIST_KEY_UILaunchScreen_Generation[sdk=iphonesimulator*]" = YES;
				"INFOPLIST_KEY_UIStatusBarStyle[sdk=iphoneos*]" = UIStatusBarStyleDefault;
				"INFOPLIST_KEY_UIStatusBarStyle[sdk=iphonesimulator*]" = UIStatusBarStyleDefault;
				INFOPLIST_KEY_UISupportedInterfaceOrientations_iPad = "UIInterfaceOrientationPortrait UIInterfaceOrientationPortraitUpsideDown UIInterfaceOrientationLandscapeLeft UIInterfaceOrientationLandscapeRight";
				INFOPLIST_KEY_UISupportedInterfaceOrientations_iPhone = "UIInterfaceOrientationPortrait UIInterfaceOrientationLandscapeLeft UIInterfaceOrientationLandscapeRight";
				IPHONEOS_DEPLOYMENT_TARGET = 17.2;
				LD_RUNPATH_SEARCH_PATHS = "@executable_path/Frameworks";
				"LD_RUNPATH_SEARCH_PATHS[sdk=macosx*]" = "@executable_path/../Frameworks";
				MACOSX_DEPLOYMENT_TARGET = 14.2;
				MARKETING_VERSION = 1.0;
				PRODUCT_BUNDLE_IDENTIFIER = com.app.Day2;
				PRODUCT_NAME = "$(TARGET_NAME)";
				SDKROOT = auto;
				SUPPORTED_PLATFORMS = "iphoneos iphonesimulator macosx";
				SWIFT_EMIT_LOC_STRINGS = YES;
				SWIFT_VERSION = 5.0;
				TARGETED_DEVICE_FAMILY = "1,2";
			};
			name = Release;
		};
		D792BFDC2B88D7D3005EB414 /* Debug */ = {
			isa = XCBuildConfiguration;
			buildSettings = {
				ALWAYS_EMBED_SWIFT_STANDARD_LIBRARIES = YES;
				BUNDLE_LOADER = "$(TEST_HOST)";
				CODE_SIGN_STYLE = Automatic;
				CURRENT_PROJECT_VERSION = 1;
				GENERATE_INFOPLIST_FILE = YES;
				IPHONEOS_DEPLOYMENT_TARGET = 17.2;
				MACOSX_DEPLOYMENT_TARGET = 14.2;
				MARKETING_VERSION = 1.0;
				PRODUCT_BUNDLE_IDENTIFIER = com.app.Day2Tests;
				PRODUCT_NAME = "$(TARGET_NAME)";
				SDKROOT = auto;
				SUPPORTED_PLATFORMS = "iphoneos iphonesimulator macosx";
				SWIFT_EMIT_LOC_STRINGS = NO;
				SWIFT_VERSION = 5.0;
				TARGETED_DEVICE_FAMILY = "1,2";
				TEST_HOST = "$(BUILT_PRODUCTS_DIR)/Day2.app/$(BUNDLE_EXECUTABLE_FOLDER_PATH)/Day2";
			};
			name = Debug;
		};
		D792BFDD2B88D7D3005EB414 /* Release */ = {
			isa = XCBuildConfiguration;
			buildSettings = {
				ALWAYS_EMBED_SWIFT_STANDARD_LIBRARIES = YES;
				BUNDLE_LOADER = "$(TEST_HOST)";
				CODE_SIGN_STYLE = Automatic;
				CURRENT_PROJECT_VERSION = 1;
				GENERATE_INFOPLIST_FILE = YES;
				IPHONEOS_DEPLOYMENT_TARGET = 17.2;
				MACOSX_DEPLOYMENT_TARGET = 14.2;
				MARKETING_VERSION = 1.0;
				PRODUCT_BUNDLE_IDENTIFIER = com.app.Day2Tests;
				PRODUCT_NAME = "$(TARGET_NAME)";
				SDKROOT = auto;
				SUPPORTED_PLATFORMS = "iphoneos iphonesimulator macosx";
				SWIFT_EMIT_LOC_STRINGS = NO;
				SWIFT_VERSION = 5.0;
				TARGETED_DEVICE_FAMILY = "1,2";
				TEST_HOST = "$(BUILT_PRODUCTS_DIR)/Day2.app/$(BUNDLE_EXECUTABLE_FOLDER_PATH)/Day2";
			};
			name = Release;
		};
		D792BFDF2B88D7D3005EB414 /* Debug */ = {
			isa = XCBuildConfiguration;
			buildSettings = {
				ALWAYS_EMBED_SWIFT_STANDARD_LIBRARIES = YES;
				CODE_SIGN_STYLE = Automatic;
				CURRENT_PROJECT_VERSION = 1;
				GENERATE_INFOPLIST_FILE = YES;
				IPHONEOS_DEPLOYMENT_TARGET = 17.2;
				MACOSX_DEPLOYMENT_TARGET = 14.2;
				MARKETING_VERSION = 1.0;
				PRODUCT_BUNDLE_IDENTIFIER = com.app.Day2UITests;
				PRODUCT_NAME = "$(TARGET_NAME)";
				SDKROOT = auto;
				SUPPORTED_PLATFORMS = "iphoneos iphonesimulator macosx";
				SWIFT_EMIT_LOC_STRINGS = NO;
				SWIFT_VERSION = 5.0;
				TARGETED_DEVICE_FAMILY = "1,2";
				TEST_TARGET_NAME = Day2;
			};
			name = Debug;
		};
		D792BFE02B88D7D3005EB414 /* Release */ = {
			isa = XCBuildConfiguration;
			buildSettings = {
				ALWAYS_EMBED_SWIFT_STANDARD_LIBRARIES = YES;
				CODE_SIGN_STYLE = Automatic;
				CURRENT_PROJECT_VERSION = 1;
				GENERATE_INFOPLIST_FILE = YES;
				IPHONEOS_DEPLOYMENT_TARGET = 17.2;
				MACOSX_DEPLOYMENT_TARGET = 14.2;
				MARKETING_VERSION = 1.0;
				PRODUCT_BUNDLE_IDENTIFIER = com.app.Day2UITests;
				PRODUCT_NAME = "$(TARGET_NAME)";
				SDKROOT = auto;
				SUPPORTED_PLATFORMS = "iphoneos iphonesimulator macosx";
				SWIFT_EMIT_LOC_STRINGS = NO;
				SWIFT_VERSION = 5.0;
				TARGETED_DEVICE_FAMILY = "1,2";
				TEST_TARGET_NAME = Day2;
			};
			name = Release;
		};
/* End XCBuildConfiguration section */

/* Begin XCConfigurationList section */
		D792BFAE2B88D7D1005EB414 /* Build configuration list for PBXProject "Day2" */ = {
			isa = XCConfigurationList;
			buildConfigurations = (
				D792BFD62B88D7D3005EB414 /* Debug */,
				D792BFD72B88D7D3005EB414 /* Release */,
			);
			defaultConfigurationIsVisible = 0;
			defaultConfigurationName = Release;
		};
		D792BFD82B88D7D3005EB414 /* Build configuration list for PBXNativeTarget "Day2" */ = {
			isa = XCConfigurationList;
			buildConfigurations = (
				D792BFD92B88D7D3005EB414 /* Debug */,
				D792BFDA2B88D7D3005EB414 /* Release */,
			);
			defaultConfigurationIsVisible = 0;
			defaultConfigurationName = Release;
		};
		D792BFDB2B88D7D3005EB414 /* Build configuration list for PBXNativeTarget "Day2Tests" */ = {
			isa = XCConfigurationList;
			buildConfigurations = (
				D792BFDC2B88D7D3005EB414 /* Debug */,
				D792BFDD2B88D7D3005EB414 /* Release */,
			);
			defaultConfigurationIsVisible = 0;
			defaultConfigurationName = Release;
		};
		D792BFDE2B88D7D3005EB414 /* Build configuration list for PBXNativeTarget "Day2UITests" */ = {
			isa = XCConfigurationList;
			buildConfigurations = (
				D792BFDF2B88D7D3005EB414 /* Debug */,
				D792BFE02B88D7D3005EB414 /* Release */,
			);
			defaultConfigurationIsVisible = 0;
			defaultConfigurationName = Release;
		};
/* End XCConfigurationList section */
	};
	rootObject = D792BFAB2B88D7D1005EB414 /* Project object */;
}
